
Microsoft Visual Studio Solution File, Format Version 11.00
# Visual Studio 2010
Project("{FAE04EC0-301F-11D3-BF4B-00C04F79EFBC}") = "Repository", "Assembly-CSharp.csproj", "{7F257A9E-0A32-76BC-39EA-6816E6E9099D}"
EndProject
Global
	GlobalSection(SolutionConfigurationPlatforms) = preSolution
		Debug|Any CPU = Debug|Any CPU
		Release|Any CPU = Release|Any CPU
	EndGlobalSection
	GlobalSection(ProjectConfigurationPlatforms) = postSolution
		{7F257A9E-0A32-76BC-39EA-6816E6E9099D}.Debug|Any CPU.ActiveCfg = Debug|Any CPU
		{7F257A9E-0A32-76BC-39EA-6816E6E9099D}.Debug|Any CPU.Build.0 = Debug|Any CPU
		{7F257A9E-0A32-76BC-39EA-6816E6E9099D}.Release|Any CPU.ActiveCfg = Release|Any CPU
		{7F257A9E-0A32-76BC-39EA-6816E6E9099D}.Release|Any CPU.Build.0 = Release|Any CPU
	EndGlobalSection
	GlobalSection(SolutionProperties) = preSolution
		HideSolutionNode = FALSE
	EndGlobalSection
	GlobalSection(MonoDevelopProperties) = preSolution
		StartupItem = Assembly-CSharp.csproj
	EndGlobalSection
EndGlobal
